// !$*UTF8*$!
{
	archiveVersion = 1;
	classes = {
	};
	objectVersion = 54;
	objects = {

/* Begin PBXBuildFile section */
		8E1321E9014A79B1C42126DD /* libPods-PreferabliDataSDK.a in Frameworks */ = {isa = PBXBuildFile; fileRef = 9702019CE232C8E3903E6A08 /* libPods-PreferabliDataSDK.a */; };
		A2039C422E61D66C00128378 /* VenueHour.swift in Sources */ = {isa = PBXBuildFile; fileRef = A2039C412E61D66C00128378 /* VenueHour.swift */; };
		A2039C432E61D66C00128378 /* CollectionVersion.swift in Sources */ = {isa = PBXBuildFile; fileRef = A2039C302E61D66C00128378 /* CollectionVersion.swift */; };
		A2039C442E61D66C00128378 /* Search.swift in Sources */ = {isa = PBXBuildFile; fileRef = A2039C3B2E61D66C00128378 /* Search.swift */; };
		A2039C452E61D66C00128378 /* Product.swift in Sources */ = {isa = PBXBuildFile; fileRef = A2039C382E61D66C00128378 /* Product.swift */; };
		A2039C462E61D66C00128378 /* Style.swift in Sources */ = {isa = PBXBuildFile; fileRef = A2039C3C2E61D66C00128378 /* Style.swift */; };
		A2039C472E61D66C00128378 /* CollectionTrait.swift in Sources */ = {isa = PBXBuildFile; fileRef = A2039C2F2E61D66C00128378 /* CollectionTrait.swift */; };
		A2039C482E61D66C00128378 /* Venue.swift in Sources */ = {isa = PBXBuildFile; fileRef = A2039C402E61D66C00128378 /* Venue.swift */; };
		A2039C492E61D66C00128378 /* Profile.swift in Sources */ = {isa = PBXBuildFile; fileRef = A2039C392E61D66C00128378 /* Profile.swift */; };
		A2039C4A2E61D66C00128378 /* Customer.swift in Sources */ = {isa = PBXBuildFile; fileRef = A2039C312E61D66C00128378 /* Customer.swift */; };
		A2039C4B2E61D66C00128378 /* Food.swift in Sources */ = {isa = PBXBuildFile; fileRef = A2039C332E61D66C00128378 /* Food.swift */; };
		A2039C4C2E61D66C00128378 /* Location.swift in Sources */ = {isa = PBXBuildFile; fileRef = A2039C352E61D66C00128378 /* Location.swift */; };
		A2039C4D2E61D66C00128378 /* Collection.swift in Sources */ = {isa = PBXBuildFile; fileRef = A2039C2C2E61D66C00128378 /* Collection.swift */; };
		A2039C4E2E61D66C00128378 /* FoodCategory.swift in Sources */ = {isa = PBXBuildFile; fileRef = A2039C342E61D66C00128378 /* FoodCategory.swift */; };
		A2039C4F2E61D66C00128378 /* Media.swift in Sources */ = {isa = PBXBuildFile; fileRef = A2039C362E61D66C00128378 /* Media.swift */; };
		A2039C502E61D66C00128378 /* CollectionOrder.swift in Sources */ = {isa = PBXBuildFile; fileRef = A2039C2E2E61D66C00128378 /* CollectionOrder.swift */; };
		A2039C512E61D66C00128378 /* PreferabliUser.swift in Sources */ = {isa = PBXBuildFile; fileRef = A2039C372E61D66C00128378 /* PreferabliUser.swift */; };
		A2039C522E61D66C00128378 /* CollectionGroup.swift in Sources */ = {isa = PBXBuildFile; fileRef = A2039C2D2E61D66C00128378 /* CollectionGroup.swift */; };
		A2039C532E61D66C00128378 /* UserCollection.swift in Sources */ = {isa = PBXBuildFile; fileRef = A2039C3E2E61D66C00128378 /* UserCollection.swift */; };
		A2039C542E61D66C00128378 /* ProfileStyle.swift in Sources */ = {isa = PBXBuildFile; fileRef = A2039C3A2E61D66C00128378 /* ProfileStyle.swift */; };
		A2039C552E61D66C00128378 /* DeliveryMethod.swift in Sources */ = {isa = PBXBuildFile; fileRef = A2039C322E61D66C00128378 /* DeliveryMethod.swift */; };
		A2039C562E61D66C00128378 /* Variant.swift in Sources */ = {isa = PBXBuildFile; fileRef = A2039C3F2E61D66C00128378 /* Variant.swift */; };
		A2039C572E61D66C00128378 /* Tag.swift in Sources */ = {isa = PBXBuildFile; fileRef = A2039C3D2E61D66C00128378 /* Tag.swift */; };
		A2039C592E61D9C500128378 /* Storage.swift in Sources */ = {isa = PBXBuildFile; fileRef = A2039C582E61D9BE00128378 /* Storage.swift */; };
		A2039C5B2E61E02C00128378 /* GuidedRec.swift in Sources */ = {isa = PBXBuildFile; fileRef = A2039C5A2E61E02C00128378 /* GuidedRec.swift */; };
		A2039C5D2E61E04400128378 /* BaseObject.swift in Sources */ = {isa = PBXBuildFile; fileRef = A2039C5C2E61E04400128378 /* BaseObject.swift */; };
		A2039C5F2E61E06900128378 /* MerchantProductLink.swift in Sources */ = {isa = PBXBuildFile; fileRef = A2039C5E2E61E06900128378 /* MerchantProductLink.swift */; };
		A2039C612E61E08900128378 /* LabelRecResult.swift in Sources */ = {isa = PBXBuildFile; fileRef = A2039C602E61E08900128378 /* LabelRecResult.swift */; };
		A2039C632E61E0C500128378 /* WhereToBuy.swift in Sources */ = {isa = PBXBuildFile; fileRef = A2039C622E61E0C500128378 /* WhereToBuy.swift */; };
		A2039C652E61E0CD00128378 /* SessionData.swift in Sources */ = {isa = PBXBuildFile; fileRef = A2039C642E61E0CD00128378 /* SessionData.swift */; };
		A2039C672E61E10500128378 /* PreferenceData.swift in Sources */ = {isa = PBXBuildFile; fileRef = A2039C662E61E10500128378 /* PreferenceData.swift */; };
		A2039C692E62261400128378 /* BaseModel.swift in Sources */ = {isa = PBXBuildFile; fileRef = A2039C682E62260F00128378 /* BaseModel.swift */; };
		A27F8FFD2476C3D700187B9D /* StringExt.swift in Sources */ = {isa = PBXBuildFile; fileRef = A27F8FFB2476C3D700187B9D /* StringExt.swift */; };
		A27F8FFE2476C3D700187B9D /* URLExt.swift in Sources */ = {isa = PBXBuildFile; fileRef = A27F8FFC2476C3D700187B9D /* URLExt.swift */; };
		A27F90F52476DF5200187B9D /* Sort.swift in Sources */ = {isa = PBXBuildFile; fileRef = A27F90F12476DF5100187B9D /* Sort.swift */; };
		A27F9103247805B500187B9D /* PreferabliDataSDK.podspec in Resources */ = {isa = PBXBuildFile; fileRef = A27F9102247805B500187B9D /* PreferabliDataSDK.podspec */; };
		A2A0F4B12E677017001C6F64 /* Analytics.swift in Sources */ = {isa = PBXBuildFile; fileRef = A2A0F4B02E677013001C6F64 /* Analytics.swift */; };
		A2A61B8925B09F3900FDFEEA /* FulfillSort.swift in Sources */ = {isa = PBXBuildFile; fileRef = A2A61B8825B09F3800FDFEEA /* FulfillSort.swift */; };
		A2A90B6A24744C7400493EA8 /* readme.md in Resources */ = {isa = PBXBuildFile; fileRef = A2A90B6924744C7400493EA8 /* readme.md */; };
		A2A90B7324758D5600493EA8 /* DataResponseExt.swift in Sources */ = {isa = PBXBuildFile; fileRef = A2A90B6E24758D5600493EA8 /* DataResponseExt.swift */; };
		A2A90B7424758D5600493EA8 /* APIError.swift in Sources */ = {isa = PBXBuildFile; fileRef = A2A90B6F24758D5600493EA8 /* APIError.swift */; };
		A2A90B7524758D5600493EA8 /* APIService.swift in Sources */ = {isa = PBXBuildFile; fileRef = A2A90B7024758D5600493EA8 /* APIService.swift */; };
		A2A90B7624758D5600493EA8 /* PreferabliException.swift in Sources */ = {isa = PBXBuildFile; fileRef = A2A90B7124758D5600493EA8 /* PreferabliException.swift */; };
		A2A90B7724758D5600493EA8 /* SessionExt.swift in Sources */ = {isa = PBXBuildFile; fileRef = A2A90B7224758D5600493EA8 /* SessionExt.swift */; };
		A2A90B7E247590A000493EA8 /* PreferabliTools.swift in Sources */ = {isa = PBXBuildFile; fileRef = A2A90B7A247590A000493EA8 /* PreferabliTools.swift */; };
		A2A90B812475A35900493EA8 /* Preferabli.swift in Sources */ = {isa = PBXBuildFile; fileRef = A2A90B802475A35900493EA8 /* Preferabli.swift */; };
		A2C809F62E68CCF50085CFA9 /* Reservation.swift in Sources */ = {isa = PBXBuildFile; fileRef = A2C809F52E68CCF50085CFA9 /* Reservation.swift */; };
		A2F908E429C0F43400BFD89D /* PreferabliDataSDK.docc in Sources */ = {isa = PBXBuildFile; fileRef = A2F908E329C0F43400BFD89D /* PreferabliDataSDK.docc */; };
		A2FB46CB299C2A1B00653527 /* powered_by_light_bg.png in Resources */ = {isa = PBXBuildFile; fileRef = A2FB46C9299C2A1B00653527 /* powered_by_light_bg.png */; };
		A2FB46CC299C2A1B00653527 /* powered_by_dark_bg.png in Resources */ = {isa = PBXBuildFile; fileRef = A2FB46CA299C2A1B00653527 /* powered_by_dark_bg.png */; };
/* End PBXBuildFile section */

/* Begin PBXFileReference section */
		9702019CE232C8E3903E6A08 /* libPods-PreferabliDataSDK.a */ = {isa = PBXFileReference; explicitFileType = archive.ar; includeInIndex = 0; path = "libPods-PreferabliDataSDK.a"; sourceTree = BUILT_PRODUCTS_DIR; };
		A2039C2C2E61D66C00128378 /* Collection.swift */ = {isa = PBXFileReference; lastKnownFileType = sourcecode.swift; path = Collection.swift; sourceTree = "<group>"; };
		A2039C2D2E61D66C00128378 /* CollectionGroup.swift */ = {isa = PBXFileReference; lastKnownFileType = sourcecode.swift; path = CollectionGroup.swift; sourceTree = "<group>"; };
		A2039C2E2E61D66C00128378 /* CollectionOrder.swift */ = {isa = PBXFileReference; lastKnownFileType = sourcecode.swift; path = CollectionOrder.swift; sourceTree = "<group>"; };
		A2039C2F2E61D66C00128378 /* CollectionTrait.swift */ = {isa = PBXFileReference; lastKnownFileType = sourcecode.swift; path = CollectionTrait.swift; sourceTree = "<group>"; };
		A2039C302E61D66C00128378 /* CollectionVersion.swift */ = {isa = PBXFileReference; lastKnownFileType = sourcecode.swift; path = CollectionVersion.swift; sourceTree = "<group>"; };
		A2039C312E61D66C00128378 /* Customer.swift */ = {isa = PBXFileReference; lastKnownFileType = sourcecode.swift; path = Customer.swift; sourceTree = "<group>"; };
		A2039C322E61D66C00128378 /* DeliveryMethod.swift */ = {isa = PBXFileReference; lastKnownFileType = sourcecode.swift; path = DeliveryMethod.swift; sourceTree = "<group>"; };
		A2039C332E61D66C00128378 /* Food.swift */ = {isa = PBXFileReference; lastKnownFileType = sourcecode.swift; path = Food.swift; sourceTree = "<group>"; };
		A2039C342E61D66C00128378 /* FoodCategory.swift */ = {isa = PBXFileReference; lastKnownFileType = sourcecode.swift; path = FoodCategory.swift; sourceTree = "<group>"; };
		A2039C352E61D66C00128378 /* Location.swift */ = {isa = PBXFileReference; lastKnownFileType = sourcecode.swift; path = Location.swift; sourceTree = "<group>"; };
		A2039C362E61D66C00128378 /* Media.swift */ = {isa = PBXFileReference; lastKnownFileType = sourcecode.swift; path = Media.swift; sourceTree = "<group>"; };
		A2039C372E61D66C00128378 /* PreferabliUser.swift */ = {isa = PBXFileReference; lastKnownFileType = sourcecode.swift; path = PreferabliUser.swift; sourceTree = "<group>"; };
		A2039C382E61D66C00128378 /* Product.swift */ = {isa = PBXFileReference; lastKnownFileType = sourcecode.swift; path = Product.swift; sourceTree = "<group>"; };
		A2039C392E61D66C00128378 /* Profile.swift */ = {isa = PBXFileReference; lastKnownFileType = sourcecode.swift; path = Profile.swift; sourceTree = "<group>"; };
		A2039C3A2E61D66C00128378 /* ProfileStyle.swift */ = {isa = PBXFileReference; lastKnownFileType = sourcecode.swift; path = ProfileStyle.swift; sourceTree = "<group>"; };
		A2039C3B2E61D66C00128378 /* Search.swift */ = {isa = PBXFileReference; lastKnownFileType = sourcecode.swift; path = Search.swift; sourceTree = "<group>"; };
		A2039C3C2E61D66C00128378 /* Style.swift */ = {isa = PBXFileReference; lastKnownFileType = sourcecode.swift; path = Style.swift; sourceTree = "<group>"; };
		A2039C3D2E61D66C00128378 /* Tag.swift */ = {isa = PBXFileReference; lastKnownFileType = sourcecode.swift; path = Tag.swift; sourceTree = "<group>"; };
		A2039C3E2E61D66C00128378 /* UserCollection.swift */ = {isa = PBXFileReference; lastKnownFileType = sourcecode.swift; path = UserCollection.swift; sourceTree = "<group>"; };
		A2039C3F2E61D66C00128378 /* Variant.swift */ = {isa = PBXFileReference; lastKnownFileType = sourcecode.swift; path = Variant.swift; sourceTree = "<group>"; };
		A2039C402E61D66C00128378 /* Venue.swift */ = {isa = PBXFileReference; lastKnownFileType = sourcecode.swift; path = Venue.swift; sourceTree = "<group>"; };
		A2039C412E61D66C00128378 /* VenueHour.swift */ = {isa = PBXFileReference; lastKnownFileType = sourcecode.swift; path = VenueHour.swift; sourceTree = "<group>"; };
		A2039C582E61D9BE00128378 /* Storage.swift */ = {isa = PBXFileReference; lastKnownFileType = sourcecode.swift; path = Storage.swift; sourceTree = "<group>"; };
		A2039C5A2E61E02C00128378 /* GuidedRec.swift */ = {isa = PBXFileReference; lastKnownFileType = sourcecode.swift; path = GuidedRec.swift; sourceTree = "<group>"; };
		A2039C5C2E61E04400128378 /* BaseObject.swift */ = {isa = PBXFileReference; lastKnownFileType = sourcecode.swift; path = BaseObject.swift; sourceTree = "<group>"; };
		A2039C5E2E61E06900128378 /* MerchantProductLink.swift */ = {isa = PBXFileReference; lastKnownFileType = sourcecode.swift; path = MerchantProductLink.swift; sourceTree = "<group>"; };
		A2039C602E61E08900128378 /* LabelRecResult.swift */ = {isa = PBXFileReference; lastKnownFileType = sourcecode.swift; path = LabelRecResult.swift; sourceTree = "<group>"; };
		A2039C622E61E0C500128378 /* WhereToBuy.swift */ = {isa = PBXFileReference; lastKnownFileType = sourcecode.swift; path = WhereToBuy.swift; sourceTree = "<group>"; };
		A2039C642E61E0CD00128378 /* SessionData.swift */ = {isa = PBXFileReference; lastKnownFileType = sourcecode.swift; path = SessionData.swift; sourceTree = "<group>"; };
		A2039C662E61E10500128378 /* PreferenceData.swift */ = {isa = PBXFileReference; lastKnownFileType = sourcecode.swift; path = PreferenceData.swift; sourceTree = "<group>"; };
		A2039C682E62260F00128378 /* BaseModel.swift */ = {isa = PBXFileReference; lastKnownFileType = sourcecode.swift; path = BaseModel.swift; sourceTree = "<group>"; };
		A27F8FFB2476C3D700187B9D /* StringExt.swift */ = {isa = PBXFileReference; fileEncoding = 4; lastKnownFileType = sourcecode.swift; path = StringExt.swift; sourceTree = "<group>"; };
		A27F8FFC2476C3D700187B9D /* URLExt.swift */ = {isa = PBXFileReference; fileEncoding = 4; lastKnownFileType = sourcecode.swift; path = URLExt.swift; sourceTree = "<group>"; };
		A27F90F12476DF5100187B9D /* Sort.swift */ = {isa = PBXFileReference; fileEncoding = 4; lastKnownFileType = sourcecode.swift; path = Sort.swift; sourceTree = "<group>"; };
		A27F9102247805B500187B9D /* PreferabliDataSDK.podspec */ = {isa = PBXFileReference; lastKnownFileType = text; name = PreferabliDataSDK.podspec; path = ../PreferabliDataSDK.podspec; sourceTree = SOURCE_ROOT; };
		A2A0F4B02E677013001C6F64 /* Analytics.swift */ = {isa = PBXFileReference; lastKnownFileType = sourcecode.swift; path = Analytics.swift; sourceTree = "<group>"; };
		A2A61B8825B09F3800FDFEEA /* FulfillSort.swift */ = {isa = PBXFileReference; lastKnownFileType = sourcecode.swift; path = FulfillSort.swift; sourceTree = "<group>"; };
		A2A90B5D24744BAD00493EA8 /* PreferabliDataSDK.framework */ = {isa = PBXFileReference; explicitFileType = wrapper.framework; includeInIndex = 0; path = PreferabliDataSDK.framework; sourceTree = BUILT_PRODUCTS_DIR; };
		A2A90B6124744BAD00493EA8 /* Info.plist */ = {isa = PBXFileReference; lastKnownFileType = text.plist.xml; name = Info.plist; path = PreferabliDataSDK/tools/Info.plist; sourceTree = SOURCE_ROOT; };
		A2A90B6924744C7400493EA8 /* readme.md */ = {isa = PBXFileReference; fileEncoding = 4; lastKnownFileType = net.daringfireball.markdown; path = readme.md; sourceTree = SOURCE_ROOT; };
		A2A90B6E24758D5600493EA8 /* DataResponseExt.swift */ = {isa = PBXFileReference; fileEncoding = 4; lastKnownFileType = sourcecode.swift; path = DataResponseExt.swift; sourceTree = "<group>"; };
		A2A90B6F24758D5600493EA8 /* APIError.swift */ = {isa = PBXFileReference; fileEncoding = 4; lastKnownFileType = sourcecode.swift; path = APIError.swift; sourceTree = "<group>"; };
		A2A90B7024758D5600493EA8 /* APIService.swift */ = {isa = PBXFileReference; fileEncoding = 4; lastKnownFileType = sourcecode.swift; path = APIService.swift; sourceTree = "<group>"; };
		A2A90B7124758D5600493EA8 /* PreferabliException.swift */ = {isa = PBXFileReference; fileEncoding = 4; lastKnownFileType = sourcecode.swift; path = PreferabliException.swift; sourceTree = "<group>"; };
		A2A90B7224758D5600493EA8 /* SessionExt.swift */ = {isa = PBXFileReference; fileEncoding = 4; lastKnownFileType = sourcecode.swift; path = SessionExt.swift; sourceTree = "<group>"; };
		A2A90B7A247590A000493EA8 /* PreferabliTools.swift */ = {isa = PBXFileReference; fileEncoding = 4; lastKnownFileType = sourcecode.swift; path = PreferabliTools.swift; sourceTree = "<group>"; };
		A2A90B802475A35900493EA8 /* Preferabli.swift */ = {isa = PBXFileReference; lastKnownFileType = sourcecode.swift; path = Preferabli.swift; sourceTree = "<group>"; };
		A2C809F52E68CCF50085CFA9 /* Reservation.swift */ = {isa = PBXFileReference; lastKnownFileType = sourcecode.swift; path = Reservation.swift; sourceTree = "<group>"; };
		A2F908E329C0F43400BFD89D /* PreferabliDataSDK.docc */ = {isa = PBXFileReference; lastKnownFileType = folder.documentationcatalog; path = PreferabliDataSDK.docc; sourceTree = "<group>"; };
		A2FB46C9299C2A1B00653527 /* powered_by_light_bg.png */ = {isa = PBXFileReference; lastKnownFileType = image.png; path = powered_by_light_bg.png; sourceTree = "<group>"; };
		A2FB46CA299C2A1B00653527 /* powered_by_dark_bg.png */ = {isa = PBXFileReference; lastKnownFileType = image.png; path = powered_by_dark_bg.png; sourceTree = "<group>"; };
		A9FF01DD6075EA7B3EDF384E /* Pods-PreferabliDataSDK.release.xcconfig */ = {isa = PBXFileReference; includeInIndex = 1; lastKnownFileType = text.xcconfig; name = "Pods-PreferabliDataSDK.release.xcconfig"; path = "Target Support Files/Pods-PreferabliDataSDK/Pods-PreferabliDataSDK.release.xcconfig"; sourceTree = "<group>"; };
		BF64E6DAB8BA12DFA5EDEED7 /* Pods-PreferabliDataSDK.debug.xcconfig */ = {isa = PBXFileReference; includeInIndex = 1; lastKnownFileType = text.xcconfig; name = "Pods-PreferabliDataSDK.debug.xcconfig"; path = "Target Support Files/Pods-PreferabliDataSDK/Pods-PreferabliDataSDK.debug.xcconfig"; sourceTree = "<group>"; };
/* End PBXFileReference section */

/* Begin PBXFrameworksBuildPhase section */
		A2A90B5A24744BAD00493EA8 /* Frameworks */ = {
			isa = PBXFrameworksBuildPhase;
			buildActionMask = 2147483647;
			files = (
				8E1321E9014A79B1C42126DD /* libPods-PreferabliDataSDK.a in Frameworks */,
			);
			runOnlyForDeploymentPostprocessing = 0;
		};
/* End PBXFrameworksBuildPhase section */

/* Begin PBXGroup section */
		0E713C175E372E089FA08683 /* Pods */ = {
			isa = PBXGroup;
			children = (
				BF64E6DAB8BA12DFA5EDEED7 /* Pods-PreferabliDataSDK.debug.xcconfig */,
				A9FF01DD6075EA7B3EDF384E /* Pods-PreferabliDataSDK.release.xcconfig */,
			);
			path = Pods;
			sourceTree = "<group>";
		};
		85625356DAA08D394B2D59FD /* Frameworks */ = {
			isa = PBXGroup;
			children = (
				9702019CE232C8E3903E6A08 /* libPods-PreferabliDataSDK.a */,
			);
			name = Frameworks;
			sourceTree = "<group>";
		};
		A2009E1F298B0103007204F2 /* assets */ = {
			isa = PBXGroup;
			children = (
				A2FB46CA299C2A1B00653527 /* powered_by_dark_bg.png */,
				A2FB46C9299C2A1B00653527 /* powered_by_light_bg.png */,
			);
			path = assets;
			sourceTree = "<group>";
		};
		A27F8FB52476C0C000187B9D /* swiftdata */ = {
			isa = PBXGroup;
			children = (
				A2039C682E62260F00128378 /* BaseModel.swift */,
				A2039C2C2E61D66C00128378 /* Collection.swift */,
				A2039C2D2E61D66C00128378 /* CollectionGroup.swift */,
				A2039C2E2E61D66C00128378 /* CollectionOrder.swift */,
				A2039C2F2E61D66C00128378 /* CollectionTrait.swift */,
				A2039C302E61D66C00128378 /* CollectionVersion.swift */,
				A2039C312E61D66C00128378 /* Customer.swift */,
				A2039C322E61D66C00128378 /* DeliveryMethod.swift */,
				A2039C332E61D66C00128378 /* Food.swift */,
				A2039C342E61D66C00128378 /* FoodCategory.swift */,
				A2039C352E61D66C00128378 /* Location.swift */,
				A2039C362E61D66C00128378 /* Media.swift */,
				A2039C372E61D66C00128378 /* PreferabliUser.swift */,
				A2039C382E61D66C00128378 /* Product.swift */,
				A2039C392E61D66C00128378 /* Profile.swift */,
				A2039C3A2E61D66C00128378 /* ProfileStyle.swift */,
				A2C809F52E68CCF50085CFA9 /* Reservation.swift */,
				A2039C3B2E61D66C00128378 /* Search.swift */,
				A2039C3C2E61D66C00128378 /* Style.swift */,
				A2039C3D2E61D66C00128378 /* Tag.swift */,
				A2039C3E2E61D66C00128378 /* UserCollection.swift */,
				A2039C3F2E61D66C00128378 /* Variant.swift */,
				A2039C402E61D66C00128378 /* Venue.swift */,
				A2039C412E61D66C00128378 /* VenueHour.swift */,
			);
			path = swiftdata;
			sourceTree = "<group>";
		};
		A27F8FFA2476C3BB00187B9D /* ext */ = {
			isa = PBXGroup;
			children = (
				A27F8FFB2476C3D700187B9D /* StringExt.swift */,
				A27F8FFC2476C3D700187B9D /* URLExt.swift */,
				A2A90B6E24758D5600493EA8 /* DataResponseExt.swift */,
				A2A90B7224758D5600493EA8 /* SessionExt.swift */,
			);
			path = ext;
			sourceTree = "<group>";
		};
		A27F90F02476D63100187B9D /* misc */ = {
			isa = PBXGroup;
			children = (
				A2039C5C2E61E04400128378 /* BaseObject.swift */,
				A2A61B8825B09F3800FDFEEA /* FulfillSort.swift */,
				A2039C5A2E61E02C00128378 /* GuidedRec.swift */,
				A2039C602E61E08900128378 /* LabelRecResult.swift */,
				A2039C5E2E61E06900128378 /* MerchantProductLink.swift */,
				A2039C662E61E10500128378 /* PreferenceData.swift */,
				A2039C642E61E0CD00128378 /* SessionData.swift */,
				A27F90F12476DF5100187B9D /* Sort.swift */,
				A2039C622E61E0C500128378 /* WhereToBuy.swift */,
			);
			path = misc;
			sourceTree = "<group>";
		};
		A2A90B5324744BAD00493EA8 = {
			isa = PBXGroup;
			children = (
				A2A90B5F24744BAD00493EA8 /* PreferabliDataSDK */,
				A2A90B5E24744BAD00493EA8 /* Products */,
				0E713C175E372E089FA08683 /* Pods */,
				85625356DAA08D394B2D59FD /* Frameworks */,
			);
			sourceTree = "<group>";
		};
		A2A90B5E24744BAD00493EA8 /* Products */ = {
			isa = PBXGroup;
			children = (
				A2A90B5D24744BAD00493EA8 /* PreferabliDataSDK.framework */,
			);
			name = Products;
			sourceTree = "<group>";
		};
		A2A90B5F24744BAD00493EA8 /* PreferabliDataSDK */ = {
			isa = PBXGroup;
			children = (
				A2009E1F298B0103007204F2 /* assets */,
				A2A90B822475AB6100493EA8 /* models */,
				A2A90B6824744BFF00493EA8 /* tools */,
			);
			path = PreferabliDataSDK;
			sourceTree = "<group>";
		};
		A2A90B6824744BFF00493EA8 /* tools */ = {
			isa = PBXGroup;
			children = (
				A2A90B6D24758CCD00493EA8 /* api */,
				A2A0F4B02E677013001C6F64 /* Analytics.swift */,
				A27F8FFA2476C3BB00187B9D /* ext */,
				A2A90B6124744BAD00493EA8 /* Info.plist */,
				A2A90B802475A35900493EA8 /* Preferabli.swift */,
				A2039C582E61D9BE00128378 /* Storage.swift */,
				A2F908E329C0F43400BFD89D /* PreferabliDataSDK.docc */,
				A27F9102247805B500187B9D /* PreferabliDataSDK.podspec */,
				A2A90B7A247590A000493EA8 /* PreferabliTools.swift */,
				A2A90B6924744C7400493EA8 /* readme.md */,
			);
			path = tools;
			sourceTree = "<group>";
		};
		A2A90B6D24758CCD00493EA8 /* api */ = {
			isa = PBXGroup;
			children = (
				A2A90B7024758D5600493EA8 /* APIService.swift */,
				A2A90B6F24758D5600493EA8 /* APIError.swift */,
				A2A90B7124758D5600493EA8 /* PreferabliException.swift */,
			);
			path = api;
			sourceTree = "<group>";
		};
		A2A90B822475AB6100493EA8 /* models */ = {
			isa = PBXGroup;
			children = (
				A27F90F02476D63100187B9D /* misc */,
				A27F8FB52476C0C000187B9D /* swiftdata */,
			);
			path = models;
			sourceTree = "<group>";
		};
/* End PBXGroup section */

/* Begin PBXHeadersBuildPhase section */
		A2A90B5824744BAD00493EA8 /* Headers */ = {
			isa = PBXHeadersBuildPhase;
			buildActionMask = 2147483647;
			files = (
			);
			runOnlyForDeploymentPostprocessing = 0;
		};
/* End PBXHeadersBuildPhase section */

/* Begin PBXNativeTarget section */
		A2A90B5C24744BAD00493EA8 /* PreferabliDataSDK */ = {
			isa = PBXNativeTarget;
			buildConfigurationList = A2A90B6524744BAD00493EA8 /* Build configuration list for PBXNativeTarget "PreferabliDataSDK" */;
			buildPhases = (
				FEEE50D06E79FE8A9C4C5C3A /* [CP] Check Pods Manifest.lock */,
				A2A90B5824744BAD00493EA8 /* Headers */,
				A2A90B5924744BAD00493EA8 /* Sources */,
				A2A90B5A24744BAD00493EA8 /* Frameworks */,
				A2A90B5B24744BAD00493EA8 /* Resources */,
				C3138FCB30BA0FF3FFA315F7 /* [CP] Copy Pods Resources */,
			);
			buildRules = (
			);
			dependencies = (
			);
			name = PreferabliDataSDK;
			productName = WineRingSDK;
			productReference = A2A90B5D24744BAD00493EA8 /* PreferabliDataSDK.framework */;
			productType = "com.apple.product-type.framework";
		};
/* End PBXNativeTarget section */

/* Begin PBXProject section */
		A2A90B5424744BAD00493EA8 /* Project object */ = {
			isa = PBXProject;
			attributes = {
				LastSwiftUpdateCheck = 1330;
				LastUpgradeCheck = 1420;
				ORGANIZATIONNAME = "RingIT, Inc,";
				TargetAttributes = {
					A2A90B5C24744BAD00493EA8 = {
						CreatedOnToolsVersion = 11.4.1;
						LastSwiftMigration = 1150;
					};
				};
			};
			buildConfigurationList = A2A90B5724744BAD00493EA8 /* Build configuration list for PBXProject "PreferabliDataSDK" */;
			compatibilityVersion = "Xcode 9.3";
			developmentRegion = en;
			hasScannedForEncodings = 0;
			knownRegions = (
				en,
				Base,
			);
			mainGroup = A2A90B5324744BAD00493EA8;
			productRefGroup = A2A90B5E24744BAD00493EA8 /* Products */;
			projectDirPath = "";
			projectRoot = "";
			targets = (
				A2A90B5C24744BAD00493EA8 /* PreferabliDataSDK */,
			);
		};
/* End PBXProject section */

/* Begin PBXResourcesBuildPhase section */
		A2A90B5B24744BAD00493EA8 /* Resources */ = {
			isa = PBXResourcesBuildPhase;
			buildActionMask = 2147483647;
			files = (
				A27F9103247805B500187B9D /* PreferabliDataSDK.podspec in Resources */,
				A2FB46CB299C2A1B00653527 /* powered_by_light_bg.png in Resources */,
				A2FB46CC299C2A1B00653527 /* powered_by_dark_bg.png in Resources */,
				A2A90B6A24744C7400493EA8 /* readme.md in Resources */,
			);
			runOnlyForDeploymentPostprocessing = 0;
		};
/* End PBXResourcesBuildPhase section */

/* Begin PBXShellScriptBuildPhase section */
		C3138FCB30BA0FF3FFA315F7 /* [CP] Copy Pods Resources */ = {
			isa = PBXShellScriptBuildPhase;
			buildActionMask = 2147483647;
			files = (
			);
			inputFileListPaths = (
				"${PODS_ROOT}/Target Support Files/Pods-PreferabliDataSDK/Pods-PreferabliDataSDK-resources-${CONFIGURATION}-input-files.xcfilelist",
			);
			inputPaths = (
			);
			name = "[CP] Copy Pods Resources";
			outputFileListPaths = (
				"${PODS_ROOT}/Target Support Files/Pods-PreferabliDataSDK/Pods-PreferabliDataSDK-resources-${CONFIGURATION}-output-files.xcfilelist",
			);
			outputPaths = (
			);
			runOnlyForDeploymentPostprocessing = 0;
			shellPath = /bin/sh;
			shellScript = "\"${PODS_ROOT}/Target Support Files/Pods-PreferabliDataSDK/Pods-PreferabliDataSDK-resources.sh\"\n";
			showEnvVarsInLog = 0;
		};
		FEEE50D06E79FE8A9C4C5C3A /* [CP] Check Pods Manifest.lock */ = {
			isa = PBXShellScriptBuildPhase;
			buildActionMask = 2147483647;
			files = (
			);
			inputFileListPaths = (
			);
			inputPaths = (
				"${PODS_PODFILE_DIR_PATH}/Podfile.lock",
				"${PODS_ROOT}/Manifest.lock",
			);
			name = "[CP] Check Pods Manifest.lock";
			outputFileListPaths = (
			);
			outputPaths = (
				"$(DERIVED_FILE_DIR)/Pods-PreferabliDataSDK-checkManifestLockResult.txt",
			);
			runOnlyForDeploymentPostprocessing = 0;
			shellPath = /bin/sh;
			shellScript = "diff \"${PODS_PODFILE_DIR_PATH}/Podfile.lock\" \"${PODS_ROOT}/Manifest.lock\" > /dev/null\nif [ $? != 0 ] ; then\n    # print error to STDERR\n    echo \"error: The sandbox is not in sync with the Podfile.lock. Run 'pod install' or update your CocoaPods installation.\" >&2\n    exit 1\nfi\n# This output is used by Xcode 'outputs' to avoid re-running this script phase.\necho \"SUCCESS\" > \"${SCRIPT_OUTPUT_FILE_0}\"\n";
			showEnvVarsInLog = 0;
		};
/* End PBXShellScriptBuildPhase section */

/* Begin PBXSourcesBuildPhase section */
		A2A90B5924744BAD00493EA8 /* Sources */ = {
			isa = PBXSourcesBuildPhase;
			buildActionMask = 2147483647;
			files = (
				A2F908E429C0F43400BFD89D /* PreferabliDataSDK.docc in Sources */,
				A2A90B7324758D5600493EA8 /* DataResponseExt.swift in Sources */,
				A2039C692E62261400128378 /* BaseModel.swift in Sources */,
				A2A90B7524758D5600493EA8 /* APIService.swift in Sources */,
				A2039C672E61E10500128378 /* PreferenceData.swift in Sources */,
				A2039C5F2E61E06900128378 /* MerchantProductLink.swift in Sources */,
				A2A90B7624758D5600493EA8 /* PreferabliException.swift in Sources */,
				A2039C5B2E61E02C00128378 /* GuidedRec.swift in Sources */,
				A2A90B7E247590A000493EA8 /* PreferabliTools.swift in Sources */,
				A2A90B812475A35900493EA8 /* Preferabli.swift in Sources */,
				A27F90F52476DF5200187B9D /* Sort.swift in Sources */,
				A2C809F62E68CCF50085CFA9 /* Reservation.swift in Sources */,
				A2A90B7724758D5600493EA8 /* SessionExt.swift in Sources */,
				A2A61B8925B09F3900FDFEEA /* FulfillSort.swift in Sources */,
				A2A90B7424758D5600493EA8 /* APIError.swift in Sources */,
				A2039C422E61D66C00128378 /* VenueHour.swift in Sources */,
				A2039C432E61D66C00128378 /* CollectionVersion.swift in Sources */,
				A2039C442E61D66C00128378 /* Search.swift in Sources */,
				A2039C452E61D66C00128378 /* Product.swift in Sources */,
				A2039C462E61D66C00128378 /* Style.swift in Sources */,
				A2039C472E61D66C00128378 /* CollectionTrait.swift in Sources */,
				A2039C632E61E0C500128378 /* WhereToBuy.swift in Sources */,
				A2039C652E61E0CD00128378 /* SessionData.swift in Sources */,
				A2039C482E61D66C00128378 /* Venue.swift in Sources */,
				A2039C5D2E61E04400128378 /* BaseObject.swift in Sources */,
				A2039C492E61D66C00128378 /* Profile.swift in Sources */,
				A2039C592E61D9C500128378 /* Storage.swift in Sources */,
				A2A0F4B12E677017001C6F64 /* Analytics.swift in Sources */,
				A2039C4A2E61D66C00128378 /* Customer.swift in Sources */,
				A2039C4B2E61D66C00128378 /* Food.swift in Sources */,
				A2039C4C2E61D66C00128378 /* Location.swift in Sources */,
				A2039C4D2E61D66C00128378 /* Collection.swift in Sources */,
				A2039C4E2E61D66C00128378 /* FoodCategory.swift in Sources */,
				A2039C4F2E61D66C00128378 /* Media.swift in Sources */,
				A2039C502E61D66C00128378 /* CollectionOrder.swift in Sources */,
				A2039C512E61D66C00128378 /* PreferabliUser.swift in Sources */,
				A2039C522E61D66C00128378 /* CollectionGroup.swift in Sources */,
				A2039C532E61D66C00128378 /* UserCollection.swift in Sources */,
				A2039C542E61D66C00128378 /* ProfileStyle.swift in Sources */,
				A2039C552E61D66C00128378 /* DeliveryMethod.swift in Sources */,
				A2039C562E61D66C00128378 /* Variant.swift in Sources */,
				A2039C612E61E08900128378 /* LabelRecResult.swift in Sources */,
				A2039C572E61D66C00128378 /* Tag.swift in Sources */,
				A27F8FFD2476C3D700187B9D /* StringExt.swift in Sources */,
				A27F8FFE2476C3D700187B9D /* URLExt.swift in Sources */,
			);
			runOnlyForDeploymentPostprocessing = 0;
		};
/* End PBXSourcesBuildPhase section */

/* Begin XCBuildConfiguration section */
		A2A90B6324744BAD00493EA8 /* Debug */ = {
			isa = XCBuildConfiguration;
			buildSettings = {
				ALWAYS_SEARCH_USER_PATHS = NO;
				CLANG_ANALYZER_LOCALIZABILITY_NONLOCALIZED = YES;
				CLANG_ANALYZER_NONNULL = YES;
				CLANG_ANALYZER_NUMBER_OBJECT_CONVERSION = YES_AGGRESSIVE;
				CLANG_CXX_LANGUAGE_STANDARD = "gnu++14";
				CLANG_CXX_LIBRARY = "libc++";
				CLANG_ENABLE_MODULES = YES;
				CLANG_ENABLE_OBJC_ARC = YES;
				CLANG_ENABLE_OBJC_WEAK = YES;
				CLANG_WARN_BLOCK_CAPTURE_AUTORELEASING = YES;
				CLANG_WARN_BOOL_CONVERSION = YES;
				CLANG_WARN_COMMA = YES;
				CLANG_WARN_CONSTANT_CONVERSION = YES;
				CLANG_WARN_DEPRECATED_OBJC_IMPLEMENTATIONS = YES;
				CLANG_WARN_DIRECT_OBJC_ISA_USAGE = YES_ERROR;
				CLANG_WARN_DOCUMENTATION_COMMENTS = YES;
				CLANG_WARN_EMPTY_BODY = YES;
				CLANG_WARN_ENUM_CONVERSION = YES;
				CLANG_WARN_INFINITE_RECURSION = YES;
				CLANG_WARN_INT_CONVERSION = YES;
				CLANG_WARN_NON_LITERAL_NULL_CONVERSION = YES;
				CLANG_WARN_OBJC_IMPLICIT_RETAIN_SELF = YES;
				CLANG_WARN_OBJC_LITERAL_CONVERSION = YES;
				CLANG_WARN_OBJC_ROOT_CLASS = YES_ERROR;
				CLANG_WARN_QUOTED_INCLUDE_IN_FRAMEWORK_HEADER = YES;
				CLANG_WARN_RANGE_LOOP_ANALYSIS = YES;
				CLANG_WARN_STRICT_PROTOTYPES = YES;
				CLANG_WARN_SUSPICIOUS_MOVE = YES;
				CLANG_WARN_UNGUARDED_AVAILABILITY = YES_AGGRESSIVE;
				CLANG_WARN_UNREACHABLE_CODE = YES;
				CLANG_WARN__DUPLICATE_METHOD_MATCH = YES;
				COPY_PHASE_STRIP = NO;
				CURRENT_PROJECT_VERSION = 1;
				DEBUG_INFORMATION_FORMAT = dwarf;
				ENABLE_STRICT_OBJC_MSGSEND = YES;
				ENABLE_TESTABILITY = YES;
				GCC_C_LANGUAGE_STANDARD = gnu11;
				GCC_DYNAMIC_NO_PIC = NO;
				GCC_NO_COMMON_BLOCKS = YES;
				GCC_OPTIMIZATION_LEVEL = 0;
				GCC_PREPROCESSOR_DEFINITIONS = (
					"DEBUG=1",
					"$(inherited)",
				);
				GCC_WARN_64_TO_32_BIT_CONVERSION = YES;
				GCC_WARN_ABOUT_RETURN_TYPE = YES_ERROR;
				GCC_WARN_UNDECLARED_SELECTOR = YES;
				GCC_WARN_UNINITIALIZED_AUTOS = YES_AGGRESSIVE;
				GCC_WARN_UNUSED_FUNCTION = YES;
				GCC_WARN_UNUSED_VARIABLE = YES;
				IPHONEOS_DEPLOYMENT_TARGET = 13.0;
				MTL_ENABLE_DEBUG_INFO = INCLUDE_SOURCE;
				MTL_FAST_MATH = YES;
				ONLY_ACTIVE_ARCH = YES;
				SDKROOT = iphoneos;
				SWIFT_ACTIVE_COMPILATION_CONDITIONS = DEBUG;
				SWIFT_OPTIMIZATION_LEVEL = "-Onone";
				VERSIONING_SYSTEM = "apple-generic";
				VERSION_INFO_PREFIX = "";
			};
			name = Debug;
		};
		A2A90B6424744BAD00493EA8 /* Release */ = {
			isa = XCBuildConfiguration;
			buildSettings = {
				ALWAYS_SEARCH_USER_PATHS = NO;
				CLANG_ANALYZER_LOCALIZABILITY_NONLOCALIZED = YES;
				CLANG_ANALYZER_NONNULL = YES;
				CLANG_ANALYZER_NUMBER_OBJECT_CONVERSION = YES_AGGRESSIVE;
				CLANG_CXX_LANGUAGE_STANDARD = "gnu++14";
				CLANG_CXX_LIBRARY = "libc++";
				CLANG_ENABLE_MODULES = YES;
				CLANG_ENABLE_OBJC_ARC = YES;
				CLANG_ENABLE_OBJC_WEAK = YES;
				CLANG_WARN_BLOCK_CAPTURE_AUTORELEASING = YES;
				CLANG_WARN_BOOL_CONVERSION = YES;
				CLANG_WARN_COMMA = YES;
				CLANG_WARN_CONSTANT_CONVERSION = YES;
				CLANG_WARN_DEPRECATED_OBJC_IMPLEMENTATIONS = YES;
				CLANG_WARN_DIRECT_OBJC_ISA_USAGE = YES_ERROR;
				CLANG_WARN_DOCUMENTATION_COMMENTS = YES;
				CLANG_WARN_EMPTY_BODY = YES;
				CLANG_WARN_ENUM_CONVERSION = YES;
				CLANG_WARN_INFINITE_RECURSION = YES;
				CLANG_WARN_INT_CONVERSION = YES;
				CLANG_WARN_NON_LITERAL_NULL_CONVERSION = YES;
				CLANG_WARN_OBJC_IMPLICIT_RETAIN_SELF = YES;
				CLANG_WARN_OBJC_LITERAL_CONVERSION = YES;
				CLANG_WARN_OBJC_ROOT_CLASS = YES_ERROR;
				CLANG_WARN_QUOTED_INCLUDE_IN_FRAMEWORK_HEADER = YES;
				CLANG_WARN_RANGE_LOOP_ANALYSIS = YES;
				CLANG_WARN_STRICT_PROTOTYPES = YES;
				CLANG_WARN_SUSPICIOUS_MOVE = YES;
				CLANG_WARN_UNGUARDED_AVAILABILITY = YES_AGGRESSIVE;
				CLANG_WARN_UNREACHABLE_CODE = YES;
				CLANG_WARN__DUPLICATE_METHOD_MATCH = YES;
				COPY_PHASE_STRIP = NO;
				CURRENT_PROJECT_VERSION = 1;
				DEBUG_INFORMATION_FORMAT = "dwarf-with-dsym";
				ENABLE_NS_ASSERTIONS = NO;
				ENABLE_STRICT_OBJC_MSGSEND = YES;
				GCC_C_LANGUAGE_STANDARD = gnu11;
				GCC_NO_COMMON_BLOCKS = YES;
				GCC_WARN_64_TO_32_BIT_CONVERSION = YES;
				GCC_WARN_ABOUT_RETURN_TYPE = YES_ERROR;
				GCC_WARN_UNDECLARED_SELECTOR = YES;
				GCC_WARN_UNINITIALIZED_AUTOS = YES_AGGRESSIVE;
				GCC_WARN_UNUSED_FUNCTION = YES;
				GCC_WARN_UNUSED_VARIABLE = YES;
				IPHONEOS_DEPLOYMENT_TARGET = 13.0;
				MTL_ENABLE_DEBUG_INFO = NO;
				MTL_FAST_MATH = YES;
				ONLY_ACTIVE_ARCH = NO;
				SDKROOT = iphoneos;
				SWIFT_COMPILATION_MODE = wholemodule;
				SWIFT_OPTIMIZATION_LEVEL = "-O";
				VALIDATE_PRODUCT = YES;
				VERSIONING_SYSTEM = "apple-generic";
				VERSION_INFO_PREFIX = "";
			};
			name = Release;
		};
		A2A90B6624744BAD00493EA8 /* Debug */ = {
			isa = XCBuildConfiguration;
			baseConfigurationReference = BF64E6DAB8BA12DFA5EDEED7 /* Pods-PreferabliDataSDK.debug.xcconfig */;
			buildSettings = {
				ARCHS = "$(ARCHS_STANDARD)";
				BUILD_LIBRARY_FOR_DISTRIBUTION = NO;
				CLANG_ENABLE_MODULES = YES;
				CODE_SIGN_STYLE = Automatic;
				CURRENT_PROJECT_VERSION = 424;
				DEFINES_MODULE = YES;
				DEVELOPMENT_TEAM = 4P7W5GTWY6;
				DYLIB_COMPATIBILITY_VERSION = 1;
				DYLIB_CURRENT_VERSION = 1;
				DYLIB_INSTALL_NAME_BASE = "@rpath";
				INFOPLIST_FILE = "$(SRCROOT)/PreferabliDataSDK/tools/Info.plist";
				INSTALL_PATH = "$(LOCAL_LIBRARY_DIR)/Frameworks";
				IPHONEOS_DEPLOYMENT_TARGET = 18;
				LD_RUNPATH_SEARCH_PATHS = (
					"$(inherited)",
					"@executable_path/Frameworks",
					"@loader_path/Frameworks",
				);
				MARKETING_VERSION = 3.1.1;
				ONLY_ACTIVE_ARCH = YES;
				PRODUCT_BUNDLE_IDENTIFIER = com.ringit.datasdk;
				PRODUCT_NAME = "$(TARGET_NAME:c99extidentifier)";
				RUN_DOCUMENTATION_COMPILER = YES;
				SKIP_INSTALL = YES;
				SWIFT_OPTIMIZATION_LEVEL = "-Onone";
				SWIFT_VERSION = 5.0;
				TARGETED_DEVICE_FAMILY = "1,2";
				VALIDATE_PRODUCT = NO;
			};
			name = Debug;
		};
		A2A90B6724744BAD00493EA8 /* Release */ = {
			isa = XCBuildConfiguration;
			baseConfigurationReference = A9FF01DD6075EA7B3EDF384E /* Pods-PreferabliDataSDK.release.xcconfig */;
			buildSettings = {
				ARCHS = "$(ARCHS_STANDARD)";
				BUILD_LIBRARY_FOR_DISTRIBUTION = NO;
				CLANG_ENABLE_MODULES = YES;
				CODE_SIGN_STYLE = Automatic;
				CURRENT_PROJECT_VERSION = 424;
				DEFINES_MODULE = YES;
				DEVELOPMENT_TEAM = 4P7W5GTWY6;
				DYLIB_COMPATIBILITY_VERSION = 1;
				DYLIB_CURRENT_VERSION = 1;
				DYLIB_INSTALL_NAME_BASE = "@rpath";
				INFOPLIST_FILE = "$(SRCROOT)/PreferabliDataSDK/tools/Info.plist";
				INSTALL_PATH = "$(LOCAL_LIBRARY_DIR)/Frameworks";
				IPHONEOS_DEPLOYMENT_TARGET = 18;
				LD_RUNPATH_SEARCH_PATHS = (
					"$(inherited)",
					"@executable_path/Frameworks",
					"@loader_path/Frameworks",
				);
				MARKETING_VERSION = 3.1.1;
				ONLY_ACTIVE_ARCH = NO;
				PRODUCT_BUNDLE_IDENTIFIER = com.ringit.datasdk;
				PRODUCT_NAME = "$(TARGET_NAME:c99extidentifier)";
				RUN_DOCUMENTATION_COMPILER = YES;
				SKIP_INSTALL = YES;
				SWIFT_VERSION = 5.0;
				TARGETED_DEVICE_FAMILY = "1,2";
				VALIDATE_PRODUCT = YES;
			};
			name = Release;
		};
/* End XCBuildConfiguration section */

/* Begin XCConfigurationList section */
		A2A90B5724744BAD00493EA8 /* Build configuration list for PBXProject "PreferabliDataSDK" */ = {
			isa = XCConfigurationList;
			buildConfigurations = (
				A2A90B6324744BAD00493EA8 /* Debug */,
				A2A90B6424744BAD00493EA8 /* Release */,
			);
			defaultConfigurationIsVisible = 0;
			defaultConfigurationName = Release;
		};
		A2A90B6524744BAD00493EA8 /* Build configuration list for PBXNativeTarget "PreferabliDataSDK" */ = {
			isa = XCConfigurationList;
			buildConfigurations = (
				A2A90B6624744BAD00493EA8 /* Debug */,
				A2A90B6724744BAD00493EA8 /* Release */,
			);
			defaultConfigurationIsVisible = 0;
			defaultConfigurationName = Release;
		};
/* End XCConfigurationList section */
	};
	rootObject = A2A90B5424744BAD00493EA8 /* Project object */;
}
