PODS:
  - Alamofire (5.10.2)
  - Mixpanel-swift (5.1.1):
    - Mixpanel-swift/Complete (= 5.1.1)
  - Mixpanel-swift/Complete (5.1.1)

DEPENDENCIES:
  - Alamofire
  - Mixpanel-swift

SPEC REPOS:
  https://github.com/CocoaPods/Specs.git:
    - Alamofire
    - Mixpanel-swift

SPEC CHECKSUMS:
  Alamofire: 7193b3b92c74a07f85569e1a6c4f4237291e7496
  Mixpanel-swift: 4e4f8fbc99d6a412aab2adf1075313db7dee59a0

PODFILE CHECKSUM: f515f7a61975d30d61dfc7675e7d232c0babd8f7

COCOAPODS: 1.16.2
